# generated by rye
# use `rye lock` or `rye sync` to update this lockfile
#
# last locked with the following flags:
#   pre: false
#   features: []
#   all-features: false
#   with-sources: false
#   generate-hashes: false
#   universal: false

-e file:.
click==8.4.0
    # via jiwer
jiwer==4.0.0
    # via lr-prj
rapidfuzz==3.14.5
    # via jiwer
